
Microsoft Visual Studio Solution File, Format Version 12.00
# Visual Studio Version 17
VisualStudioVersion = 17.0.31903.59
MinimumVisualStudioVersion = 10.0.40219.1
Project("{FAE04EC0-301F-11D3-BF4B-00C04F79EFBC}") = "Domain", "Domain\Domain.csproj", "{1A409D8F-3042-414A-9E17-214FE79BB196}"
EndProject
Project("{FAE04EC0-301F-11D3-BF4B-00C04F79EFBC}") = "Application", "Application\Application.csproj", "{BC9D815D-79F3-41DF-A7EC-A685C2333382}"
EndProject
Project("{FAE04EC0-301F-11D3-BF4B-00C04F79EFBC}") = "Infrastructure", "Infrastructure\Infrastructure.csproj", "{04101C60-B25D-4550-A505-D33D151DEBEE}"
EndProject
Project("{FAE04EC0-301F-11D3-BF4B-00C04F79EFBC}") = "Api", "Api\Api.csproj", "{3A78AE46-34F6-4BD7-AFB3-330BE5DBDA23}"
EndProject
Global
	GlobalSection(SolutionConfigurationPlatforms) = preSolution
		Debug|Any CPU = Debug|Any CPU
		Release|Any CPU = Release|Any CPU
	EndGlobalSection
	GlobalSection(SolutionProperties) = preSolution
		HideSolutionNode = FALSE
	EndGlobalSection
	GlobalSection(ProjectConfigurationPlatforms) = postSolution
		{1A409D8F-3042-414A-9E17-214FE79BB196}.Debug|Any CPU.ActiveCfg = Debug|Any CPU
		{1A409D8F-3042-414A-9E17-214FE79BB196}.Debug|Any CPU.Build.0 = Debug|Any CPU
		{1A409D8F-3042-414A-9E17-214FE79BB196}.Release|Any CPU.ActiveCfg = Release|Any CPU
		{1A409D8F-3042-414A-9E17-214FE79BB196}.Release|Any CPU.Build.0 = Release|Any CPU
		{BC9D815D-79F3-41DF-A7EC-A685C2333382}.Debug|Any CPU.ActiveCfg = Debug|Any CPU
		{BC9D815D-79F3-41DF-A7EC-A685C2333382}.Debug|Any CPU.Build.0 = Debug|Any CPU
		{BC9D815D-79F3-41DF-A7EC-A685C2333382}.Release|Any CPU.ActiveCfg = Release|Any CPU
		{BC9D815D-79F3-41DF-A7EC-A685C2333382}.Release|Any CPU.Build.0 = Release|Any CPU
		{04101C60-B25D-4550-A505-D33D151DEBEE}.Debug|Any CPU.ActiveCfg = Debug|Any CPU
		{04101C60-B25D-4550-A505-D33D151DEBEE}.Debug|Any CPU.Build.0 = Debug|Any CPU
		{04101C60-B25D-4550-A505-D33D151DEBEE}.Release|Any CPU.ActiveCfg = Release|Any CPU
		{04101C60-B25D-4550-A505-D33D151DEBEE}.Release|Any CPU.Build.0 = Release|Any CPU
		{3A78AE46-34F6-4BD7-AFB3-330BE5DBDA23}.Debug|Any CPU.ActiveCfg = Debug|Any CPU
		{3A78AE46-34F6-4BD7-AFB3-330BE5DBDA23}.Debug|Any CPU.Build.0 = Debug|Any CPU
		{3A78AE46-34F6-4BD7-AFB3-330BE5DBDA23}.Release|Any CPU.ActiveCfg = Release|Any CPU
		{3A78AE46-34F6-4BD7-AFB3-330BE5DBDA23}.Release|Any CPU.Build.0 = Release|Any CPU
	EndGlobalSection
EndGlobal
